{
  "name": "acceptance_tests",
  "version": "1.0.0",
  "lockfileVersion": 1,
  "requires": true,
  "dependencies": {
    "lunr": {
      "version": "2.1.5",
      "resolved": "https://registry.npmjs.org/lunr/-/lunr-2.1.5.tgz",
      "integrity": "sha512-5Q8Q5Lu88qkQ7vwKyQXistAtgPHI+Ynmu796Od6/hTuFp3JLcQqftsRDAcu9eorzerl6xPKuH7KMhaxx0neYVQ=="
    }
  }
}
